// !$*UTF8*$!
{
	archiveVersion = 1;
	classes = {
	};
	objectVersion = 46;
	objects = {

/* Begin PBXBuildFile section */
		411AB1081BC7FC990089AA49 /* mulle_atomic_c11.h in Headers */ = {isa = PBXBuildFile; fileRef = 411AB1061BC7F0280089AA49 /* mulle_atomic_c11.h */; settings = {ATTRIBUTES = (Public, ); }; };
		411AB10F1BC817430089AA49 /* mulle_thread_c11.h in Headers */ = {isa = PBXBuildFile; fileRef = 411AB10A1BC7FD8F0089AA49 /* mulle_thread_c11.h */; settings = {ATTRIBUTES = (Public, ); }; };
		4126EA141D6F51F300031F33 /* mulle_thread_windows.c in Sources */ = {isa = PBXBuildFile; fileRef = 4126EA121D6F51F300031F33 /* mulle_thread_windows.c */; };
		4126EA151D6F51F300031F33 /* mulle_thread_windows.c in Sources */ = {isa = PBXBuildFile; fileRef = 4126EA121D6F51F300031F33 /* mulle_thread_windows.c */; };
		4126EA161D6F51F300031F33 /* mulle_thread_windows.h in Headers */ = {isa = PBXBuildFile; fileRef = 4126EA131D6F51F300031F33 /* mulle_thread_windows.h */; };
		4126EA171D6F51F300031F33 /* mulle_thread_windows.h in Headers */ = {isa = PBXBuildFile; fileRef = 4126EA131D6F51F300031F33 /* mulle_thread_windows.h */; };
		41445DC91BA9DF6200FEB195 /* core.h in Headers */ = {isa = PBXBuildFile; fileRef = 41445DC61BA9DF6200FEB195 /* core.h */; settings = {ATTRIBUTES = (Public, ); }; };
		41445DCA1BA9DF6200FEB195 /* mintomic.h in Headers */ = {isa = PBXBuildFile; fileRef = 41445DC71BA9DF6200FEB195 /* mintomic.h */; settings = {ATTRIBUTES = (Public, ); }; };
		41445DCB1BA9DF6200FEB195 /* platform_detect.h in Headers */ = {isa = PBXBuildFile; fileRef = 41445DC81BA9DF6200FEB195 /* platform_detect.h */; settings = {ATTRIBUTES = (Public, ); }; };
		41445DD21BA9DF6D00FEB195 /* core_gcc.h in Headers */ = {isa = PBXBuildFile; fileRef = 41445DCC1BA9DF6D00FEB195 /* core_gcc.h */; settings = {ATTRIBUTES = (Private, ); }; };
		41445DD31BA9DF6D00FEB195 /* core_msvc.h in Headers */ = {isa = PBXBuildFile; fileRef = 41445DCD1BA9DF6D00FEB195 /* core_msvc.h */; settings = {ATTRIBUTES = (Private, ); }; };
		41445DD41BA9DF6D00FEB195 /* mintomic_gcc_arm.h in Headers */ = {isa = PBXBuildFile; fileRef = 41445DCE1BA9DF6D00FEB195 /* mintomic_gcc_arm.h */; settings = {ATTRIBUTES = (Private, ); }; };
		41445DD51BA9DF6D00FEB195 /* mintomic_gcc_x86-64.h in Headers */ = {isa = PBXBuildFile; fileRef = 41445DCF1BA9DF6D00FEB195 /* mintomic_gcc_x86-64.h */; settings = {ATTRIBUTES = (Private, ); }; };
		41445DD61BA9DF6D00FEB195 /* mintomic_msvc.h in Headers */ = {isa = PBXBuildFile; fileRef = 41445DD01BA9DF6D00FEB195 /* mintomic_msvc.h */; settings = {ATTRIBUTES = (Private, ); }; };
		41445DD71BA9DF6D00FEB195 /* mintomic_stdint.h in Headers */ = {isa = PBXBuildFile; fileRef = 41445DD11BA9DF6D00FEB195 /* mintomic_stdint.h */; settings = {ATTRIBUTES = (Private, ); }; };
		41445DD91BA9DFB300FEB195 /* linkage.c in Sources */ = {isa = PBXBuildFile; fileRef = 4148856F1BA9B48D0050773A /* linkage.c */; };
		414885721BA9B5910050773A /* mulle_atomic_mintomic.h in Headers */ = {isa = PBXBuildFile; fileRef = 414885711BA9B4F90050773A /* mulle_atomic_mintomic.h */; settings = {ATTRIBUTES = (Public, ); }; };
		414885731BA9B5930050773A /* mulle_thread.h in Headers */ = {isa = PBXBuildFile; fileRef = 4148856D1BA9B35D0050773A /* mulle_thread.h */; settings = {ATTRIBUTES = (Public, ); }; };
		414885741BA9B5950050773A /* mulle_thread_pthreads.h in Headers */ = {isa = PBXBuildFile; fileRef = 4148856E1BA9B43C0050773A /* mulle_thread_pthreads.h */; settings = {ATTRIBUTES = (Public, ); }; };
		417A8B1B1BCBCA5000884077 /* linkage.c in Sources */ = {isa = PBXBuildFile; fileRef = 4148856F1BA9B48D0050773A /* linkage.c */; };
		417A8B1F1BCBCA5000884077 /* mulle_atomic.h in Headers */ = {isa = PBXBuildFile; fileRef = 414785391ABAF326002DBAE4 /* mulle_atomic.h */; settings = {ATTRIBUTES = (Public, ); }; };
		417A8B201BCBCA5000884077 /* mulle_atomic_c11.h in Headers */ = {isa = PBXBuildFile; fileRef = 411AB1061BC7F0280089AA49 /* mulle_atomic_c11.h */; settings = {ATTRIBUTES = (Public, ); }; };
		417A8B211BCBCA5000884077 /* mulle_atomic_mintomic.h in Headers */ = {isa = PBXBuildFile; fileRef = 414885711BA9B4F90050773A /* mulle_atomic_mintomic.h */; settings = {ATTRIBUTES = (Public, ); }; };
		417A8B231BCBCA5000884077 /* mulle_thread.h in Headers */ = {isa = PBXBuildFile; fileRef = 4148856D1BA9B35D0050773A /* mulle_thread.h */; settings = {ATTRIBUTES = (Public, ); }; };
		417A8B241BCBCA5000884077 /* mulle_thread_c11.h in Headers */ = {isa = PBXBuildFile; fileRef = 411AB10A1BC7FD8F0089AA49 /* mulle_thread_c11.h */; settings = {ATTRIBUTES = (Public, ); }; };
		417A8B251BCBCA5000884077 /* mulle_thread_pthreads.h in Headers */ = {isa = PBXBuildFile; fileRef = 4148856E1BA9B43C0050773A /* mulle_thread_pthreads.h */; settings = {ATTRIBUTES = (Public, ); }; };
		417A8B321BCBCAAE00884077 /* main.m in Sources */ = {isa = PBXBuildFile; fileRef = 417A8B311BCBCAAE00884077 /* main.m */; };
		417A8B351BCBCAAE00884077 /* AppDelegate.m in Sources */ = {isa = PBXBuildFile; fileRef = 417A8B341BCBCAAE00884077 /* AppDelegate.m */; };
		417A8B381BCBCAAE00884077 /* ViewController.m in Sources */ = {isa = PBXBuildFile; fileRef = 417A8B371BCBCAAE00884077 /* ViewController.m */; };
		417A8B3B1BCBCAAE00884077 /* Main.storyboard in Resources */ = {isa = PBXBuildFile; fileRef = 417A8B391BCBCAAE00884077 /* Main.storyboard */; };
		417A8B3D1BCBCAAE00884077 /* Assets.xcassets in Resources */ = {isa = PBXBuildFile; fileRef = 417A8B3C1BCBCAAE00884077 /* Assets.xcassets */; };
		417A8B401BCBCAAE00884077 /* LaunchScreen.storyboard in Resources */ = {isa = PBXBuildFile; fileRef = 417A8B3E1BCBCAAE00884077 /* LaunchScreen.storyboard */; };
		417A8B481BCBCAF300884077 /* libmulle_thread (iOS).a in Frameworks */ = {isa = PBXBuildFile; fileRef = 417A8B291BCBCA5000884077 /* libmulle_thread (iOS).a */; };
		417A8B4A1BCBCAFE00884077 /* UIKit.framework in Frameworks */ = {isa = PBXBuildFile; fileRef = 417A8B491BCBCAFE00884077 /* UIKit.framework */; };
		417E67441BCBB0C800AA0322 /* libmintomic.a in Frameworks */ = {isa = PBXBuildFile; fileRef = 41445DC21BA9DE1700FEB195 /* libmintomic.a */; };
		417E67451BCBB0C800AA0322 /* libmulle_thread.a in Frameworks */ = {isa = PBXBuildFile; fileRef = 41F14FE61B68F098002189F1 /* libmulle_thread.a */; };
		417E674E1BCBB5BE00AA0322 /* libmintomic.a in Frameworks */ = {isa = PBXBuildFile; fileRef = 41445DC21BA9DE1700FEB195 /* libmintomic.a */; };
		417E674F1BCBB5BE00AA0322 /* libmulle_thread.a in Frameworks */ = {isa = PBXBuildFile; fileRef = 41F14FE61B68F098002189F1 /* libmulle_thread.a */; };
		419795A41B6A52E2005417AA /* mulle_atomic.h in Headers */ = {isa = PBXBuildFile; fileRef = 414785391ABAF326002DBAE4 /* mulle_atomic.h */; settings = {ATTRIBUTES = (Public, ); }; };
		419FC8A71BC954C8002D75B9 /* mintomic_empty.c in Sources */ = {isa = PBXBuildFile; fileRef = 419FC8A51BC95494002D75B9 /* mintomic_empty.c */; };
		41AEF4AD1D9D659F0007D7A3 /* mulle_thread.c in Sources */ = {isa = PBXBuildFile; fileRef = 41AEF4AC1D9D659F0007D7A3 /* mulle_thread.c */; };
/* End PBXBuildFile section */

/* Begin PBXContainerItemProxy section */
		41445DC41BA9DE3700FEB195 /* PBXContainerItemProxy */ = {
			isa = PBXContainerItemProxy;
			containerPortal = 414785241ABAF290002DBAE4 /* Project object */;
			proxyType = 1;
			remoteGlobalIDString = 41445DB51BA9DE1700FEB195;
			remoteInfo = mintomic;
		};
		417A8B191BCBCA5000884077 /* PBXContainerItemProxy */ = {
			isa = PBXContainerItemProxy;
			containerPortal = 414785241ABAF290002DBAE4 /* Project object */;
			proxyType = 1;
			remoteGlobalIDString = 41445DB51BA9DE1700FEB195;
			remoteInfo = mintomic;
		};
		417A8B461BCBCAEC00884077 /* PBXContainerItemProxy */ = {
			isa = PBXContainerItemProxy;
			containerPortal = 414785241ABAF290002DBAE4 /* Project object */;
			proxyType = 1;
			remoteGlobalIDString = 417A8B171BCBCA5000884077;
			remoteInfo = "mulle_thread (iOS)";
		};
		417E67401BCBB0C100AA0322 /* PBXContainerItemProxy */ = {
			isa = PBXContainerItemProxy;
			containerPortal = 414785241ABAF290002DBAE4 /* Project object */;
			proxyType = 1;
			remoteGlobalIDString = 41F14FE51B68F098002189F1;
			remoteInfo = mulle_thread;
		};
		417E67421BCBB0C100AA0322 /* PBXContainerItemProxy */ = {
			isa = PBXContainerItemProxy;
			containerPortal = 414785241ABAF290002DBAE4 /* Project object */;
			proxyType = 1;
			remoteGlobalIDString = 41445DB51BA9DE1700FEB195;
			remoteInfo = mulle_mintomic;
		};
		417E67481BCBB5BE00AA0322 /* PBXContainerItemProxy */ = {
			isa = PBXContainerItemProxy;
			containerPortal = 414785241ABAF290002DBAE4 /* Project object */;
			proxyType = 1;
			remoteGlobalIDString = 41F14FE51B68F098002189F1;
			remoteInfo = mulle_thread;
		};
		417E674A1BCBB5BE00AA0322 /* PBXContainerItemProxy */ = {
			isa = PBXContainerItemProxy;
			containerPortal = 414785241ABAF290002DBAE4 /* Project object */;
			proxyType = 1;
			remoteGlobalIDString = 41445DB51BA9DE1700FEB195;
			remoteInfo = mulle_mintomic;
		};
/* End PBXContainerItemProxy section */

/* Begin PBXFileReference section */
		41198A7B1B6B7FB40033B390 /* README.md */ = {isa = PBXFileReference; lastKnownFileType = net.daringfireball.markdown; path = README.md; sourceTree = "<group>"; };
		411AB1061BC7F0280089AA49 /* mulle_atomic_c11.h */ = {isa = PBXFileReference; lastKnownFileType = sourcecode.c.h; path = mulle_atomic_c11.h; sourceTree = "<group>"; };
		411AB10A1BC7FD8F0089AA49 /* mulle_thread_c11.h */ = {isa = PBXFileReference; lastKnownFileType = sourcecode.c.h; path = mulle_thread_c11.h; sourceTree = "<group>"; };
		4126EA121D6F51F300031F33 /* mulle_thread_windows.c */ = {isa = PBXFileReference; fileEncoding = 4; lastKnownFileType = sourcecode.c.c; path = mulle_thread_windows.c; sourceTree = "<group>"; };
		4126EA131D6F51F300031F33 /* mulle_thread_windows.h */ = {isa = PBXFileReference; fileEncoding = 4; lastKnownFileType = sourcecode.c.h; path = mulle_thread_windows.h; sourceTree = "<group>"; };
		41399A661C8363B10006D700 /* RELEASENOTES.md */ = {isa = PBXFileReference; lastKnownFileType = net.daringfireball.markdown; path = RELEASENOTES.md; sourceTree = "<group>"; };
		41445DC21BA9DE1700FEB195 /* libmintomic.a */ = {isa = PBXFileReference; explicitFileType = archive.ar; includeInIndex = 0; path = libmintomic.a; sourceTree = BUILT_PRODUCTS_DIR; };
		41445DC61BA9DF6200FEB195 /* core.h */ = {isa = PBXFileReference; lastKnownFileType = sourcecode.c.h; name = core.h; path = ../mintomic/include/mintomic/core.h; sourceTree = "<group>"; };
		41445DC71BA9DF6200FEB195 /* mintomic.h */ = {isa = PBXFileReference; lastKnownFileType = sourcecode.c.h; name = mintomic.h; path = ../mintomic/include/mintomic/mintomic.h; sourceTree = "<group>"; };
		41445DC81BA9DF6200FEB195 /* platform_detect.h */ = {isa = PBXFileReference; lastKnownFileType = sourcecode.c.h; name = platform_detect.h; path = ../mintomic/include/mintomic/platform_detect.h; sourceTree = "<group>"; };
		41445DCC1BA9DF6D00FEB195 /* core_gcc.h */ = {isa = PBXFileReference; lastKnownFileType = sourcecode.c.h; name = core_gcc.h; path = ../mintomic/include/mintomic/private/core_gcc.h; sourceTree = "<group>"; };
		41445DCD1BA9DF6D00FEB195 /* core_msvc.h */ = {isa = PBXFileReference; lastKnownFileType = sourcecode.c.h; name = core_msvc.h; path = ../mintomic/include/mintomic/private/core_msvc.h; sourceTree = "<group>"; };
		41445DCE1BA9DF6D00FEB195 /* mintomic_gcc_arm.h */ = {isa = PBXFileReference; lastKnownFileType = sourcecode.c.h; name = mintomic_gcc_arm.h; path = ../mintomic/include/mintomic/private/mintomic_gcc_arm.h; sourceTree = "<group>"; };
		41445DCF1BA9DF6D00FEB195 /* mintomic_gcc_x86-64.h */ = {isa = PBXFileReference; lastKnownFileType = sourcecode.c.h; name = "mintomic_gcc_x86-64.h"; path = "../mintomic/include/mintomic/private/mintomic_gcc_x86-64.h"; sourceTree = "<group>"; };
		41445DD01BA9DF6D00FEB195 /* mintomic_msvc.h */ = {isa = PBXFileReference; lastKnownFileType = sourcecode.c.h; name = mintomic_msvc.h; path = ../mintomic/include/mintomic/private/mintomic_msvc.h; sourceTree = "<group>"; };
		41445DD11BA9DF6D00FEB195 /* mintomic_stdint.h */ = {isa = PBXFileReference; lastKnownFileType = sourcecode.c.h; name = mintomic_stdint.h; path = ../mintomic/include/mintomic/private/mintomic_stdint.h; sourceTree = "<group>"; };
		414785391ABAF326002DBAE4 /* mulle_atomic.h */ = {isa = PBXFileReference; lastKnownFileType = sourcecode.c.h; path = mulle_atomic.h; sourceTree = "<group>"; };
		4148856D1BA9B35D0050773A /* mulle_thread.h */ = {isa = PBXFileReference; lastKnownFileType = sourcecode.c.h; path = mulle_thread.h; sourceTree = "<group>"; };
		4148856E1BA9B43C0050773A /* mulle_thread_pthreads.h */ = {isa = PBXFileReference; lastKnownFileType = sourcecode.c.h; path = mulle_thread_pthreads.h; sourceTree = "<group>"; };
		4148856F1BA9B48D0050773A /* linkage.c */ = {isa = PBXFileReference; fileEncoding = 4; lastKnownFileType = sourcecode.c.c; path = linkage.c; sourceTree = "<group>"; };
		414885711BA9B4F90050773A /* mulle_atomic_mintomic.h */ = {isa = PBXFileReference; lastKnownFileType = sourcecode.c.h; path = mulle_atomic_mintomic.h; sourceTree = "<group>"; };
		4158F6F81B5E982B00C5805C /* CMakeLists.txt */ = {isa = PBXFileReference; fileEncoding = 4; lastKnownFileType = text; path = CMakeLists.txt; sourceTree = "<group>"; };
		415B40571D94083B0022362B /* API_ATOMIC.md */ = {isa = PBXFileReference; lastKnownFileType = net.daringfireball.markdown; path = API_ATOMIC.md; sourceTree = "<group>"; };
		415B40581D9408C80022362B /* API_THREAD.md */ = {isa = PBXFileReference; lastKnownFileType = net.daringfireball.markdown; path = API_THREAD.md; sourceTree = "<group>"; };
		415B40591D94103A0022362B /* API_MUTEX.md */ = {isa = PBXFileReference; lastKnownFileType = net.daringfireball.markdown; path = API_MUTEX.md; sourceTree = "<group>"; };
		415B405A1D9414790022362B /* API_TSS.md */ = {isa = PBXFileReference; lastKnownFileType = net.daringfireball.markdown; path = API_TSS.md; sourceTree = "<group>"; };
		417A8B291BCBCA5000884077 /* libmulle_thread (iOS).a */ = {isa = PBXFileReference; explicitFileType = archive.ar; includeInIndex = 0; path = "libmulle_thread (iOS).a"; sourceTree = BUILT_PRODUCTS_DIR; };
		417A8B2E1BCBCAAE00884077 /* run-on-ipad.app */ = {isa = PBXFileReference; explicitFileType = wrapper.application; includeInIndex = 0; path = "run-on-ipad.app"; sourceTree = BUILT_PRODUCTS_DIR; };
		417A8B311BCBCAAE00884077 /* main.m */ = {isa = PBXFileReference; lastKnownFileType = sourcecode.c.objc; path = main.m; sourceTree = "<group>"; };
		417A8B331BCBCAAE00884077 /* AppDelegate.h */ = {isa = PBXFileReference; lastKnownFileType = sourcecode.c.h; path = AppDelegate.h; sourceTree = "<group>"; };
		417A8B341BCBCAAE00884077 /* AppDelegate.m */ = {isa = PBXFileReference; lastKnownFileType = sourcecode.c.objc; path = AppDelegate.m; sourceTree = "<group>"; };
		417A8B361BCBCAAE00884077 /* ViewController.h */ = {isa = PBXFileReference; lastKnownFileType = sourcecode.c.h; path = ViewController.h; sourceTree = "<group>"; };
		417A8B371BCBCAAE00884077 /* ViewController.m */ = {isa = PBXFileReference; lastKnownFileType = sourcecode.c.objc; path = ViewController.m; sourceTree = "<group>"; };
		417A8B3A1BCBCAAE00884077 /* Base */ = {isa = PBXFileReference; lastKnownFileType = file.storyboard; name = Base; path = Base.lproj/Main.storyboard; sourceTree = "<group>"; };
		417A8B3C1BCBCAAE00884077 /* Assets.xcassets */ = {isa = PBXFileReference; lastKnownFileType = folder.assetcatalog; path = Assets.xcassets; sourceTree = "<group>"; };
		417A8B3F1BCBCAAE00884077 /* Base */ = {isa = PBXFileReference; lastKnownFileType = file.storyboard; name = Base; path = Base.lproj/LaunchScreen.storyboard; sourceTree = "<group>"; };
		417A8B411BCBCAAE00884077 /* Info.plist */ = {isa = PBXFileReference; lastKnownFileType = text.plist.xml; path = Info.plist; sourceTree = "<group>"; };
		417A8B491BCBCAFE00884077 /* UIKit.framework */ = {isa = PBXFileReference; lastKnownFileType = wrapper.framework; name = UIKit.framework; path = Platforms/iPhoneOS.platform/Developer/SDKs/iPhoneOS9.1.sdk/System/Library/Frameworks/UIKit.framework; sourceTree = DEVELOPER_DIR; };
		417C02591BD83972005A3751 /* Common.xcconfig */ = {isa = PBXFileReference; lastKnownFileType = text.xcconfig; path = Common.xcconfig; sourceTree = "<group>"; };
		417C025A1BD83972005A3751 /* Debug.xcconfig */ = {isa = PBXFileReference; lastKnownFileType = text.xcconfig; path = Debug.xcconfig; sourceTree = "<group>"; };
		417C025B1BD83972005A3751 /* Release.xcconfig */ = {isa = PBXFileReference; lastKnownFileType = text.xcconfig; path = Release.xcconfig; sourceTree = "<group>"; };
		417C025D1BD83A44005A3751 /* StaticLibrary.xcconfig */ = {isa = PBXFileReference; fileEncoding = 4; lastKnownFileType = text.xcconfig; path = StaticLibrary.xcconfig; sourceTree = "<group>"; };
		417C025E1BD83AAB005A3751 /* StaticLibraryIOS.xcconfig */ = {isa = PBXFileReference; lastKnownFileType = text.xcconfig; path = StaticLibraryIOS.xcconfig; sourceTree = "<group>"; };
		417C025F1BD83ABD005A3751 /* IOS.xcconfig */ = {isa = PBXFileReference; lastKnownFileType = text.xcconfig; path = IOS.xcconfig; sourceTree = "<group>"; };
		417C02601BD83AC5005A3751 /* OSX.xcconfig */ = {isa = PBXFileReference; lastKnownFileType = text.xcconfig; path = OSX.xcconfig; sourceTree = "<group>"; };
		417C02611BD83B47005A3751 /* StaticLibraryOSX.xcconfig */ = {isa = PBXFileReference; lastKnownFileType = text.xcconfig; path = StaticLibraryOSX.xcconfig; sourceTree = "<group>"; };
		417C02621BD83C6F005A3751 /* ToolOSX.xcconfig */ = {isa = PBXFileReference; lastKnownFileType = text.xcconfig; path = ToolOSX.xcconfig; sourceTree = "<group>"; };
		417E67391BCBB0B900AA0322 /* test-atomic-add */ = {isa = PBXFileReference; explicitFileType = "compiled.mach-o.executable"; includeInIndex = 0; path = "test-atomic-add"; sourceTree = BUILT_PRODUCTS_DIR; };
		417E67541BCBB5BE00AA0322 /* test-atomic-cas */ = {isa = PBXFileReference; explicitFileType = "compiled.mach-o.executable"; includeInIndex = 0; path = "test-atomic-cas"; sourceTree = BUILT_PRODUCTS_DIR; };
		419FC8A51BC95494002D75B9 /* mintomic_empty.c */ = {isa = PBXFileReference; fileEncoding = 4; lastKnownFileType = sourcecode.c.c; path = mintomic_empty.c; sourceTree = "<group>"; };
		41AEF4AC1D9D659F0007D7A3 /* mulle_thread.c */ = {isa = PBXFileReference; fileEncoding = 4; lastKnownFileType = sourcecode.c.c; path = mulle_thread.c; sourceTree = "<group>"; };
		41BE418C1B6BB0F7000C0DD4 /* BUILD.md */ = {isa = PBXFileReference; lastKnownFileType = net.daringfireball.markdown; path = BUILD.md; sourceTree = "<group>"; };
		41F14FE61B68F098002189F1 /* libmulle_thread.a */ = {isa = PBXFileReference; explicitFileType = archive.ar; includeInIndex = 0; path = libmulle_thread.a; sourceTree = BUILT_PRODUCTS_DIR; };
		41F14FF21B6902F9002189F1 /* LICENSE */ = {isa = PBXFileReference; lastKnownFileType = text; path = LICENSE; sourceTree = "<group>"; };
/* End PBXFileReference section */

/* Begin PBXFrameworksBuildPhase section */
		417A8B1D1BCBCA5000884077 /* Frameworks */ = {
			isa = PBXFrameworksBuildPhase;
			buildActionMask = 2147483647;
			files = (
			);
			runOnlyForDeploymentPostprocessing = 0;
		};
		417A8B2B1BCBCAAE00884077 /* Frameworks */ = {
			isa = PBXFrameworksBuildPhase;
			buildActionMask = 2147483647;
			files = (
				417A8B4A1BCBCAFE00884077 /* UIKit.framework in Frameworks */,
				417A8B481BCBCAF300884077 /* libmulle_thread (iOS).a in Frameworks */,
			);
			runOnlyForDeploymentPostprocessing = 0;
		};
		417E67361BCBB0B900AA0322 /* Frameworks */ = {
			isa = PBXFrameworksBuildPhase;
			buildActionMask = 2147483647;
			files = (
				417E67441BCBB0C800AA0322 /* libmintomic.a in Frameworks */,
				417E67451BCBB0C800AA0322 /* libmulle_thread.a in Frameworks */,
			);
			runOnlyForDeploymentPostprocessing = 0;
		};
		417E674D1BCBB5BE00AA0322 /* Frameworks */ = {
			isa = PBXFrameworksBuildPhase;
			buildActionMask = 2147483647;
			files = (
				417E674E1BCBB5BE00AA0322 /* libmintomic.a in Frameworks */,
				417E674F1BCBB5BE00AA0322 /* libmulle_thread.a in Frameworks */,
			);
			runOnlyForDeploymentPostprocessing = 0;
		};
		41F14FE31B68F098002189F1 /* Frameworks */ = {
			isa = PBXFrameworksBuildPhase;
			buildActionMask = 2147483647;
			files = (
			);
			runOnlyForDeploymentPostprocessing = 0;
		};
/* End PBXFrameworksBuildPhase section */

/* Begin PBXGroup section */
		41445DD81BA9DF7300FEB195 /* include */ = {
			isa = PBXGroup;
			children = (
				41445DCC1BA9DF6D00FEB195 /* core_gcc.h */,
				41445DCD1BA9DF6D00FEB195 /* core_msvc.h */,
				41445DCE1BA9DF6D00FEB195 /* mintomic_gcc_arm.h */,
				41445DCF1BA9DF6D00FEB195 /* mintomic_gcc_x86-64.h */,
				41445DD01BA9DF6D00FEB195 /* mintomic_msvc.h */,
				41445DD11BA9DF6D00FEB195 /* mintomic_stdint.h */,
				41445DC61BA9DF6200FEB195 /* core.h */,
				41445DC71BA9DF6200FEB195 /* mintomic.h */,
				41445DC81BA9DF6200FEB195 /* platform_detect.h */,
			);
			name = include;
			path = mintomic;
			sourceTree = "<group>";
		};
		414785231ABAF290002DBAE4 = {
			isa = PBXGroup;
			children = (
				41198A7B1B6B7FB40033B390 /* README.md */,
				41399A661C8363B10006D700 /* RELEASENOTES.md */,
				41F14FF21B6902F9002189F1 /* LICENSE */,
				4158F6F81B5E982B00C5805C /* CMakeLists.txt */,
				4147852E1ABAF290002DBAE4 /* src */,
				41445DD81BA9DF7300FEB195 /* include */,
				417C025C1BD83977005A3751 /* mulle-configuration */,
				415B405B1D9427AF0022362B /* dox */,
				417A8B2F1BCBCAAE00884077 /* run-on-ipad */,
				4147852D1ABAF290002DBAE4 /* Products */,
			);
			sourceTree = "<group>";
		};
		4147852D1ABAF290002DBAE4 /* Products */ = {
			isa = PBXGroup;
			children = (
				41F14FE61B68F098002189F1 /* libmulle_thread.a */,
				41445DC21BA9DE1700FEB195 /* libmintomic.a */,
				417E67391BCBB0B900AA0322 /* test-atomic-add */,
				417E67541BCBB5BE00AA0322 /* test-atomic-cas */,
				417A8B291BCBCA5000884077 /* libmulle_thread (iOS).a */,
				417A8B2E1BCBCAAE00884077 /* run-on-ipad.app */,
			);
			name = Products;
			sourceTree = "<group>";
		};
		4147852E1ABAF290002DBAE4 /* src */ = {
			isa = PBXGroup;
			children = (
				414785391ABAF326002DBAE4 /* mulle_atomic.h */,
				411AB1061BC7F0280089AA49 /* mulle_atomic_c11.h */,
				414885711BA9B4F90050773A /* mulle_atomic_mintomic.h */,
				4148856D1BA9B35D0050773A /* mulle_thread.h */,
				41AEF4AC1D9D659F0007D7A3 /* mulle_thread.c */,
				4148856E1BA9B43C0050773A /* mulle_thread_pthreads.h */,
				411AB10A1BC7FD8F0089AA49 /* mulle_thread_c11.h */,
				4126EA131D6F51F300031F33 /* mulle_thread_windows.h */,
				4126EA121D6F51F300031F33 /* mulle_thread_windows.c */,
				4148856F1BA9B48D0050773A /* linkage.c */,
				419FC8A51BC95494002D75B9 /* mintomic_empty.c */,
			);
			path = src;
			sourceTree = "<group>";
		};
		415B405B1D9427AF0022362B /* dox */ = {
			isa = PBXGroup;
			children = (
				415B40571D94083B0022362B /* API_ATOMIC.md */,
				415B40581D9408C80022362B /* API_THREAD.md */,
				415B40591D94103A0022362B /* API_MUTEX.md */,
				415B405A1D9414790022362B /* API_TSS.md */,
				41BE418C1B6BB0F7000C0DD4 /* BUILD.md */,
			);
			path = dox;
			sourceTree = "<group>";
		};
		417A8B2F1BCBCAAE00884077 /* run-on-ipad */ = {
			isa = PBXGroup;
			children = (
				417A8B491BCBCAFE00884077 /* UIKit.framework */,
				417A8B331BCBCAAE00884077 /* AppDelegate.h */,
				417A8B341BCBCAAE00884077 /* AppDelegate.m */,
				417A8B361BCBCAAE00884077 /* ViewController.h */,
				417A8B371BCBCAAE00884077 /* ViewController.m */,
				417A8B391BCBCAAE00884077 /* Main.storyboard */,
				417A8B3C1BCBCAAE00884077 /* Assets.xcassets */,
				417A8B3E1BCBCAAE00884077 /* LaunchScreen.storyboard */,
				417A8B411BCBCAAE00884077 /* Info.plist */,
				417A8B301BCBCAAE00884077 /* Supporting Files */,
			);
			path = "run-on-ipad";
			sourceTree = "<group>";
		};
		417A8B301BCBCAAE00884077 /* Supporting Files */ = {
			isa = PBXGroup;
			children = (
				417A8B311BCBCAAE00884077 /* main.m */,
			);
			name = "Supporting Files";
			sourceTree = "<group>";
		};
		417C025C1BD83977005A3751 /* mulle-configuration */ = {
			isa = PBXGroup;
			children = (
				417C025D1BD83A44005A3751 /* StaticLibrary.xcconfig */,
				417C025E1BD83AAB005A3751 /* StaticLibraryIOS.xcconfig */,
				417C02611BD83B47005A3751 /* StaticLibraryOSX.xcconfig */,
				417C02621BD83C6F005A3751 /* ToolOSX.xcconfig */,
				417C02591BD83972005A3751 /* Common.xcconfig */,
				417C025A1BD83972005A3751 /* Debug.xcconfig */,
				417C025B1BD83972005A3751 /* Release.xcconfig */,
				417C025F1BD83ABD005A3751 /* IOS.xcconfig */,
				417C02601BD83AC5005A3751 /* OSX.xcconfig */,
			);
			path = "mulle-configuration";
			sourceTree = "<group>";
		};
/* End PBXGroup section */

/* Begin PBXHeadersBuildPhase section */
		41445DBA1BA9DE1700FEB195 /* Headers */ = {
			isa = PBXHeadersBuildPhase;
			buildActionMask = 2147483647;
			files = (
				41445DC91BA9DF6200FEB195 /* core.h in Headers */,
				41445DCA1BA9DF6200FEB195 /* mintomic.h in Headers */,
				41445DCB1BA9DF6200FEB195 /* platform_detect.h in Headers */,
				41445DD21BA9DF6D00FEB195 /* core_gcc.h in Headers */,
				41445DD31BA9DF6D00FEB195 /* core_msvc.h in Headers */,
				41445DD41BA9DF6D00FEB195 /* mintomic_gcc_arm.h in Headers */,
				41445DD51BA9DF6D00FEB195 /* mintomic_gcc_x86-64.h in Headers */,
				41445DD61BA9DF6D00FEB195 /* mintomic_msvc.h in Headers */,
				41445DD71BA9DF6D00FEB195 /* mintomic_stdint.h in Headers */,
			);
			runOnlyForDeploymentPostprocessing = 0;
		};
		417A8B1E1BCBCA5000884077 /* Headers */ = {
			isa = PBXHeadersBuildPhase;
			buildActionMask = 2147483647;
			files = (
				417A8B1F1BCBCA5000884077 /* mulle_atomic.h in Headers */,
				4126EA171D6F51F300031F33 /* mulle_thread_windows.h in Headers */,
				417A8B201BCBCA5000884077 /* mulle_atomic_c11.h in Headers */,
				417A8B211BCBCA5000884077 /* mulle_atomic_mintomic.h in Headers */,
				417A8B231BCBCA5000884077 /* mulle_thread.h in Headers */,
				417A8B241BCBCA5000884077 /* mulle_thread_c11.h in Headers */,
				417A8B251BCBCA5000884077 /* mulle_thread_pthreads.h in Headers */,
			);
			runOnlyForDeploymentPostprocessing = 0;
		};
		41F14FE41B68F098002189F1 /* Headers */ = {
			isa = PBXHeadersBuildPhase;
			buildActionMask = 2147483647;
			files = (
				419795A41B6A52E2005417AA /* mulle_atomic.h in Headers */,
				4126EA161D6F51F300031F33 /* mulle_thread_windows.h in Headers */,
				411AB1081BC7FC990089AA49 /* mulle_atomic_c11.h in Headers */,
				414885721BA9B5910050773A /* mulle_atomic_mintomic.h in Headers */,
				414885731BA9B5930050773A /* mulle_thread.h in Headers */,
				411AB10F1BC817430089AA49 /* mulle_thread_c11.h in Headers */,
				414885741BA9B5950050773A /* mulle_thread_pthreads.h in Headers */,
			);
			runOnlyForDeploymentPostprocessing = 0;
		};
/* End PBXHeadersBuildPhase section */

/* Begin PBXNativeTarget section */
		41445DB51BA9DE1700FEB195 /* mintomic */ = {
			isa = PBXNativeTarget;
			buildConfigurationList = 41445DBF1BA9DE1700FEB195 /* Build configuration list for PBXNativeTarget "mintomic" */;
			buildPhases = (
				41445DBA1BA9DE1700FEB195 /* Headers */,
				419FC8A41BC9546F002D75B9 /* Sources */,
			);
			buildRules = (
			);
			dependencies = (
			);
			name = mintomic;
			productName = mulle_aba;
			productReference = 41445DC21BA9DE1700FEB195 /* libmintomic.a */;
			productType = "com.apple.product-type.library.static";
		};
		417A8B171BCBCA5000884077 /* mulle_thread (iOS) */ = {
			isa = PBXNativeTarget;
			buildConfigurationList = 417A8B261BCBCA5000884077 /* Build configuration list for PBXNativeTarget "mulle_thread (iOS)" */;
			buildPhases = (
				417A8B1A1BCBCA5000884077 /* Sources */,
				417A8B1D1BCBCA5000884077 /* Frameworks */,
				417A8B1E1BCBCA5000884077 /* Headers */,
			);
			buildRules = (
			);
			dependencies = (
				417A8B181BCBCA5000884077 /* PBXTargetDependency */,
			);
			name = "mulle_thread (iOS)";
			productName = mulle_aba;
			productReference = 417A8B291BCBCA5000884077 /* libmulle_thread (iOS).a */;
			productType = "com.apple.product-type.library.static";
		};
		417A8B2D1BCBCAAE00884077 /* run-on-ipad */ = {
			isa = PBXNativeTarget;
			buildConfigurationList = 417A8B421BCBCAAE00884077 /* Build configuration list for PBXNativeTarget "run-on-ipad" */;
			buildPhases = (
				417A8B2A1BCBCAAE00884077 /* Sources */,
				417A8B2B1BCBCAAE00884077 /* Frameworks */,
				417A8B2C1BCBCAAE00884077 /* Resources */,
			);
			buildRules = (
			);
			dependencies = (
				417A8B471BCBCAEC00884077 /* PBXTargetDependency */,
			);
			name = "run-on-ipad";
			productName = "run-on-ipad";
			productReference = 417A8B2E1BCBCAAE00884077 /* run-on-ipad.app */;
			productType = "com.apple.product-type.application";
		};
		417E67381BCBB0B900AA0322 /* test-atomic-add */ = {
			isa = PBXNativeTarget;
			buildConfigurationList = 417E673F1BCBB0B900AA0322 /* Build configuration list for PBXNativeTarget "test-atomic-add" */;
			buildPhases = (
				417E67351BCBB0B900AA0322 /* Sources */,
				417E67361BCBB0B900AA0322 /* Frameworks */,
			);
			buildRules = (
			);
			dependencies = (
				417E67411BCBB0C100AA0322 /* PBXTargetDependency */,
				417E67431BCBB0C100AA0322 /* PBXTargetDependency */,
			);
			name = "test-atomic-add";
			productName = "test-atomic";
			productReference = 417E67391BCBB0B900AA0322 /* test-atomic-add */;
			productType = "com.apple.product-type.tool";
		};
		417E67461BCBB5BE00AA0322 /* test-atomic-cas */ = {
			isa = PBXNativeTarget;
			buildConfigurationList = 417E67511BCBB5BE00AA0322 /* Build configuration list for PBXNativeTarget "test-atomic-cas" */;
			buildPhases = (
				417E674B1BCBB5BE00AA0322 /* Sources */,
				417E674D1BCBB5BE00AA0322 /* Frameworks */,
			);
			buildRules = (
			);
			dependencies = (
				417E67471BCBB5BE00AA0322 /* PBXTargetDependency */,
				417E67491BCBB5BE00AA0322 /* PBXTargetDependency */,
			);
			name = "test-atomic-cas";
			productName = "test-atomic";
			productReference = 417E67541BCBB5BE00AA0322 /* test-atomic-cas */;
			productType = "com.apple.product-type.tool";
		};
		41F14FE51B68F098002189F1 /* mulle_thread */ = {
			isa = PBXNativeTarget;
			buildConfigurationList = 41F14FE71B68F098002189F1 /* Build configuration list for PBXNativeTarget "mulle_thread" */;
			buildPhases = (
				41F14FE21B68F098002189F1 /* Sources */,
				41F14FE31B68F098002189F1 /* Frameworks */,
				41F14FE41B68F098002189F1 /* Headers */,
			);
			buildRules = (
			);
			dependencies = (
				41445DC51BA9DE3700FEB195 /* PBXTargetDependency */,
			);
			name = mulle_thread;
			productName = mulle_aba;
			productReference = 41F14FE61B68F098002189F1 /* libmulle_thread.a */;
			productType = "com.apple.product-type.library.static";
		};
/* End PBXNativeTarget section */

/* Begin PBXProject section */
		414785241ABAF290002DBAE4 /* Project object */ = {
			isa = PBXProject;
			attributes = {
				LastUpgradeCheck = 0620;
				ORGANIZATIONNAME = "Mulle kybernetiK";
				TargetAttributes = {
					417A8B2D1BCBCAAE00884077 = {
						CreatedOnToolsVersion = 7.1;
					};
					417E67381BCBB0B900AA0322 = {
						CreatedOnToolsVersion = 7.0.1;
					};
					41F14FE51B68F098002189F1 = {
						CreatedOnToolsVersion = 6.2;
					};
				};
			};
			buildConfigurationList = 414785271ABAF290002DBAE4 /* Build configuration list for PBXProject "mulle-thread" */;
			compatibilityVersion = "Xcode 3.2";
			developmentRegion = English;
			hasScannedForEncodings = 0;
			knownRegions = (
				en,
				Base,
			);
			mainGroup = 414785231ABAF290002DBAE4;
			productRefGroup = 4147852D1ABAF290002DBAE4 /* Products */;
			projectDirPath = "";
			projectRoot = "";
			targets = (
				41F14FE51B68F098002189F1 /* mulle_thread */,
				41445DB51BA9DE1700FEB195 /* mintomic */,
				417E67381BCBB0B900AA0322 /* test-atomic-add */,
				417E67461BCBB5BE00AA0322 /* test-atomic-cas */,
				417A8B171BCBCA5000884077 /* mulle_thread (iOS) */,
				417A8B2D1BCBCAAE00884077 /* run-on-ipad */,
			);
		};
/* End PBXProject section */

/* Begin PBXResourcesBuildPhase section */
		417A8B2C1BCBCAAE00884077 /* Resources */ = {
			isa = PBXResourcesBuildPhase;
			buildActionMask = 2147483647;
			files = (
				417A8B401BCBCAAE00884077 /* LaunchScreen.storyboard in Resources */,
				417A8B3D1BCBCAAE00884077 /* Assets.xcassets in Resources */,
				417A8B3B1BCBCAAE00884077 /* Main.storyboard in Resources */,
			);
			runOnlyForDeploymentPostprocessing = 0;
		};
/* End PBXResourcesBuildPhase section */

/* Begin PBXSourcesBuildPhase section */
		417A8B1A1BCBCA5000884077 /* Sources */ = {
			isa = PBXSourcesBuildPhase;
			buildActionMask = 2147483647;
			files = (
				417A8B1B1BCBCA5000884077 /* linkage.c in Sources */,
				4126EA151D6F51F300031F33 /* mulle_thread_windows.c in Sources */,
			);
			runOnlyForDeploymentPostprocessing = 0;
		};
		417A8B2A1BCBCAAE00884077 /* Sources */ = {
			isa = PBXSourcesBuildPhase;
			buildActionMask = 2147483647;
			files = (
				417A8B381BCBCAAE00884077 /* ViewController.m in Sources */,
				417A8B351BCBCAAE00884077 /* AppDelegate.m in Sources */,
				417A8B321BCBCAAE00884077 /* main.m in Sources */,
			);
			runOnlyForDeploymentPostprocessing = 0;
		};
		417E67351BCBB0B900AA0322 /* Sources */ = {
			isa = PBXSourcesBuildPhase;
			buildActionMask = 2147483647;
			files = (
			);
			runOnlyForDeploymentPostprocessing = 0;
		};
		417E674B1BCBB5BE00AA0322 /* Sources */ = {
			isa = PBXSourcesBuildPhase;
			buildActionMask = 2147483647;
			files = (
			);
			runOnlyForDeploymentPostprocessing = 0;
		};
		419FC8A41BC9546F002D75B9 /* Sources */ = {
			isa = PBXSourcesBuildPhase;
			buildActionMask = 2147483647;
			files = (
				419FC8A71BC954C8002D75B9 /* mintomic_empty.c in Sources */,
			);
			runOnlyForDeploymentPostprocessing = 0;
		};
		41F14FE21B68F098002189F1 /* Sources */ = {
			isa = PBXSourcesBuildPhase;
			buildActionMask = 2147483647;
			files = (
				41445DD91BA9DFB300FEB195 /* linkage.c in Sources */,
				41AEF4AD1D9D659F0007D7A3 /* mulle_thread.c in Sources */,
				4126EA141D6F51F300031F33 /* mulle_thread_windows.c in Sources */,
			);
			runOnlyForDeploymentPostprocessing = 0;
		};
/* End PBXSourcesBuildPhase section */

/* Begin PBXTargetDependency section */
		41445DC51BA9DE3700FEB195 /* PBXTargetDependency */ = {
			isa = PBXTargetDependency;
			target = 41445DB51BA9DE1700FEB195 /* mintomic */;
			targetProxy = 41445DC41BA9DE3700FEB195 /* PBXContainerItemProxy */;
		};
		417A8B181BCBCA5000884077 /* PBXTargetDependency */ = {
			isa = PBXTargetDependency;
			target = 41445DB51BA9DE1700FEB195 /* mintomic */;
			targetProxy = 417A8B191BCBCA5000884077 /* PBXContainerItemProxy */;
		};
		417A8B471BCBCAEC00884077 /* PBXTargetDependency */ = {
			isa = PBXTargetDependency;
			target = 417A8B171BCBCA5000884077 /* mulle_thread (iOS) */;
			targetProxy = 417A8B461BCBCAEC00884077 /* PBXContainerItemProxy */;
		};
		417E67411BCBB0C100AA0322 /* PBXTargetDependency */ = {
			isa = PBXTargetDependency;
			target = 41F14FE51B68F098002189F1 /* mulle_thread */;
			targetProxy = 417E67401BCBB0C100AA0322 /* PBXContainerItemProxy */;
		};
		417E67431BCBB0C100AA0322 /* PBXTargetDependency */ = {
			isa = PBXTargetDependency;
			target = 41445DB51BA9DE1700FEB195 /* mintomic */;
			targetProxy = 417E67421BCBB0C100AA0322 /* PBXContainerItemProxy */;
		};
		417E67471BCBB5BE00AA0322 /* PBXTargetDependency */ = {
			isa = PBXTargetDependency;
			target = 41F14FE51B68F098002189F1 /* mulle_thread */;
			targetProxy = 417E67481BCBB5BE00AA0322 /* PBXContainerItemProxy */;
		};
		417E67491BCBB5BE00AA0322 /* PBXTargetDependency */ = {
			isa = PBXTargetDependency;
			target = 41445DB51BA9DE1700FEB195 /* mintomic */;
			targetProxy = 417E674A1BCBB5BE00AA0322 /* PBXContainerItemProxy */;
		};
/* End PBXTargetDependency section */

/* Begin PBXVariantGroup section */
		417A8B391BCBCAAE00884077 /* Main.storyboard */ = {
			isa = PBXVariantGroup;
			children = (
				417A8B3A1BCBCAAE00884077 /* Base */,
			);
			name = Main.storyboard;
			sourceTree = "<group>";
		};
		417A8B3E1BCBCAAE00884077 /* LaunchScreen.storyboard */ = {
			isa = PBXVariantGroup;
			children = (
				417A8B3F1BCBCAAE00884077 /* Base */,
			);
			name = LaunchScreen.storyboard;
			sourceTree = "<group>";
		};
/* End PBXVariantGroup section */

/* Begin XCBuildConfiguration section */
		41445DC01BA9DE1700FEB195 /* Debug */ = {
			isa = XCBuildConfiguration;
			baseConfigurationReference = 417C025D1BD83A44005A3751 /* StaticLibrary.xcconfig */;
			buildSettings = {
				SKIP_INSTALL = YES;
			};
			name = Debug;
		};
		41445DC11BA9DE1700FEB195 /* Release */ = {
			isa = XCBuildConfiguration;
			baseConfigurationReference = 417C025D1BD83A44005A3751 /* StaticLibrary.xcconfig */;
			buildSettings = {
				SKIP_INSTALL = YES;
			};
			name = Release;
		};
		414785311ABAF290002DBAE4 /* Debug */ = {
			isa = XCBuildConfiguration;
			baseConfigurationReference = 417C025A1BD83972005A3751 /* Debug.xcconfig */;
			buildSettings = {
				CURRENT_PROJECT_VERSION = 3.0.0;
				HEADER_SEARCH_PATHS = (
					./mintomic/include,
					"$(inherited)",
				);
			};
			name = Debug;
		};
		414785321ABAF290002DBAE4 /* Release */ = {
			isa = XCBuildConfiguration;
			baseConfigurationReference = 417C025B1BD83972005A3751 /* Release.xcconfig */;
			buildSettings = {
				CURRENT_PROJECT_VERSION = 3.0.0;
				HEADER_SEARCH_PATHS = (
					./mintomic/include,
					"$(inherited)",
				);
			};
			name = Release;
		};
		417A8B271BCBCA5000884077 /* Debug */ = {
			isa = XCBuildConfiguration;
			baseConfigurationReference = 417C025E1BD83AAB005A3751 /* StaticLibraryIOS.xcconfig */;
			buildSettings = {
			};
			name = Debug;
		};
		417A8B281BCBCA5000884077 /* Release */ = {
			isa = XCBuildConfiguration;
			baseConfigurationReference = 417C025E1BD83AAB005A3751 /* StaticLibraryIOS.xcconfig */;
			buildSettings = {
			};
			name = Release;
		};
		417A8B431BCBCAAE00884077 /* Debug */ = {
			isa = XCBuildConfiguration;
			buildSettings = {
				ASSETCATALOG_COMPILER_APPICON_NAME = AppIcon;
				"CODE_SIGN_IDENTITY[sdk=iphoneos*]" = "iPhone Developer";
				INFOPLIST_FILE = "run-on-ipad/Info.plist";
				IPHONEOS_DEPLOYMENT_TARGET = 8.4;
				LD_RUNPATH_SEARCH_PATHS = "$(inherited) @executable_path/Frameworks";
				OTHER_CFLAGS = (
					"-D__STDC_NO_THREADS__",
					"-DNO_MAIN",
				);
				PRODUCT_BUNDLE_IDENTIFIER = "com.mulle-kybernetik.run-on-ipad";
				PRODUCT_NAME = "$(TARGET_NAME)";
				SDKROOT = iphoneos;
				TARGETED_DEVICE_FAMILY = "1,2";
			};
			name = Debug;
		};
		417A8B441BCBCAAE00884077 /* Release */ = {
			isa = XCBuildConfiguration;
			buildSettings = {
				ASSETCATALOG_COMPILER_APPICON_NAME = AppIcon;
				"CODE_SIGN_IDENTITY[sdk=iphoneos*]" = "iPhone Developer";
				INFOPLIST_FILE = "run-on-ipad/Info.plist";
				IPHONEOS_DEPLOYMENT_TARGET = 8.4;
				LD_RUNPATH_SEARCH_PATHS = "$(inherited) @executable_path/Frameworks";
				OTHER_CFLAGS = (
					"-D__STDC_NO_THREADS__",
					"-DNO_MAIN",
				);
				PRODUCT_BUNDLE_IDENTIFIER = "com.mulle-kybernetik.run-on-ipad";
				PRODUCT_NAME = "$(TARGET_NAME)";
				SDKROOT = iphoneos;
				TARGETED_DEVICE_FAMILY = "1,2";
			};
			name = Release;
		};
		417E673D1BCBB0B900AA0322 /* Debug */ = {
			isa = XCBuildConfiguration;
			baseConfigurationReference = 417C02621BD83C6F005A3751 /* ToolOSX.xcconfig */;
			buildSettings = {
			};
			name = Debug;
		};
		417E673E1BCBB0B900AA0322 /* Release */ = {
			isa = XCBuildConfiguration;
			baseConfigurationReference = 417C02621BD83C6F005A3751 /* ToolOSX.xcconfig */;
			buildSettings = {
			};
			name = Release;
		};
		417E67521BCBB5BE00AA0322 /* Debug */ = {
			isa = XCBuildConfiguration;
			baseConfigurationReference = 417C02621BD83C6F005A3751 /* ToolOSX.xcconfig */;
			buildSettings = {
			};
			name = Debug;
		};
		417E67531BCBB5BE00AA0322 /* Release */ = {
			isa = XCBuildConfiguration;
			baseConfigurationReference = 417C02621BD83C6F005A3751 /* ToolOSX.xcconfig */;
			buildSettings = {
			};
			name = Release;
		};
		41F14FE81B68F098002189F1 /* Debug */ = {
			isa = XCBuildConfiguration;
			baseConfigurationReference = 417C02611BD83B47005A3751 /* StaticLibraryOSX.xcconfig */;
			buildSettings = {
			};
			name = Debug;
		};
		41F14FE91B68F098002189F1 /* Release */ = {
			isa = XCBuildConfiguration;
			baseConfigurationReference = 417C02611BD83B47005A3751 /* StaticLibraryOSX.xcconfig */;
			buildSettings = {
			};
			name = Release;
		};
/* End XCBuildConfiguration section */

/* Begin XCConfigurationList section */
		41445DBF1BA9DE1700FEB195 /* Build configuration list for PBXNativeTarget "mintomic" */ = {
			isa = XCConfigurationList;
			buildConfigurations = (
				41445DC01BA9DE1700FEB195 /* Debug */,
				41445DC11BA9DE1700FEB195 /* Release */,
			);
			defaultConfigurationIsVisible = 0;
			defaultConfigurationName = Release;
		};
		414785271ABAF290002DBAE4 /* Build configuration list for PBXProject "mulle-thread" */ = {
			isa = XCConfigurationList;
			buildConfigurations = (
				414785311ABAF290002DBAE4 /* Debug */,
				414785321ABAF290002DBAE4 /* Release */,
			);
			defaultConfigurationIsVisible = 0;
			defaultConfigurationName = Release;
		};
		417A8B261BCBCA5000884077 /* Build configuration list for PBXNativeTarget "mulle_thread (iOS)" */ = {
			isa = XCConfigurationList;
			buildConfigurations = (
				417A8B271BCBCA5000884077 /* Debug */,
				417A8B281BCBCA5000884077 /* Release */,
			);
			defaultConfigurationIsVisible = 0;
			defaultConfigurationName = Release;
		};
		417A8B421BCBCAAE00884077 /* Build configuration list for PBXNativeTarget "run-on-ipad" */ = {
			isa = XCConfigurationList;
			buildConfigurations = (
				417A8B431BCBCAAE00884077 /* Debug */,
				417A8B441BCBCAAE00884077 /* Release */,
			);
			defaultConfigurationIsVisible = 0;
			defaultConfigurationName = Release;
		};
		417E673F1BCBB0B900AA0322 /* Build configuration list for PBXNativeTarget "test-atomic-add" */ = {
			isa = XCConfigurationList;
			buildConfigurations = (
				417E673D1BCBB0B900AA0322 /* Debug */,
				417E673E1BCBB0B900AA0322 /* Release */,
			);
			defaultConfigurationIsVisible = 0;
			defaultConfigurationName = Release;
		};
		417E67511BCBB5BE00AA0322 /* Build configuration list for PBXNativeTarget "test-atomic-cas" */ = {
			isa = XCConfigurationList;
			buildConfigurations = (
				417E67521BCBB5BE00AA0322 /* Debug */,
				417E67531BCBB5BE00AA0322 /* Release */,
			);
			defaultConfigurationIsVisible = 0;
			defaultConfigurationName = Release;
		};
		41F14FE71B68F098002189F1 /* Build configuration list for PBXNativeTarget "mulle_thread" */ = {
			isa = XCConfigurationList;
			buildConfigurations = (
				41F14FE81B68F098002189F1 /* Debug */,
				41F14FE91B68F098002189F1 /* Release */,
			);
			defaultConfigurationIsVisible = 0;
			defaultConfigurationName = Release;
		};
/* End XCConfigurationList section */
	};
	rootObject = 414785241ABAF290002DBAE4 /* Project object */;
}
